
Microsoft Visual Studio Solution File, Format Version 12.00
# Visual Studio Version 16
VisualStudioVersion = 16.0.31025.194
MinimumVisualStudioVersion = 10.0.40219.1
Project("{FAE04EC0-301F-11D3-BF4B-00C04F79EFBC}") = "exercício1", "exercício1\exercício1.csproj", "{B4F09167-0CA0-426E-AD95-EDCF8553B6BA}"
EndProject
Global
	GlobalSection(SolutionConfigurationPlatforms) = preSolution
		Debug|Any CPU = Debug|Any CPU
		Release|Any CPU = Release|Any CPU
	EndGlobalSection
	GlobalSection(ProjectConfigurationPlatforms) = postSolution
		{B4F09167-0CA0-426E-AD95-EDCF8553B6BA}.Debug|Any CPU.ActiveCfg = Debug|Any CPU
		{B4F09167-0CA0-426E-AD95-EDCF8553B6BA}.Debug|Any CPU.Build.0 = Debug|Any CPU
		{B4F09167-0CA0-426E-AD95-EDCF8553B6BA}.Release|Any CPU.ActiveCfg = Release|Any CPU
		{B4F09167-0CA0-426E-AD95-EDCF8553B6BA}.Release|Any CPU.Build.0 = Release|Any CPU
	EndGlobalSection
	GlobalSection(SolutionProperties) = preSolution
		HideSolutionNode = FALSE
	EndGlobalSection
	GlobalSection(ExtensibilityGlobals) = postSolution
		SolutionGuid = {F1B063D5-F730-4DE2-B601-6E5634E48E81}
	EndGlobalSection
EndGlobal
